
Microsoft Visual Studio Solution File, Format Version 9.00
# Visual Studio 2005
Project("{FAE04EC0-301F-11D3-BF4B-00C04F79EFBC}") = "PAnalyzer", "PAnalyzer.csproj", "{2FE6AFE1-CA36-4EDE-AEF3-2C5938E627A2}"
EndProject
Project("{FAE04EC0-301F-11D3-BF4B-00C04F79EFBC}") = "Inference", "..\..\Libs\Proteomics\Inference\Inference.csproj", "{D1CD7960-7D50-4225-A32B-B8A8F95F1ABB}"
EndProject
Project("{FAE04EC0-301F-11D3-BF4B-00C04F79EFBC}") = "Ebi", "..\..\Libs\Database\Ebi\Ebi.csproj", "{24FE7A85-8B58-4B38-B50B-C111DE9A7ADA}"
EndProject
Project("{FAE04EC0-301F-11D3-BF4B-00C04F79EFBC}") = "Hupo", "..\..\Libs\Proteomics\Hupo\Hupo.csproj", "{89969C87-0FB2-45E7-8B89-E76849528F00}"
EndProject
Global
	GlobalSection(SolutionConfigurationPlatforms) = preSolution
		Debug|x86 = Debug|x86
		Release|x86 = Release|x86
	EndGlobalSection
	GlobalSection(ProjectConfigurationPlatforms) = postSolution
		{24FE7A85-8B58-4B38-B50B-C111DE9A7ADA}.Debug|x86.ActiveCfg = Debug|Any CPU
		{24FE7A85-8B58-4B38-B50B-C111DE9A7ADA}.Debug|x86.Build.0 = Debug|Any CPU
		{24FE7A85-8B58-4B38-B50B-C111DE9A7ADA}.Release|x86.ActiveCfg = Release|Any CPU
		{24FE7A85-8B58-4B38-B50B-C111DE9A7ADA}.Release|x86.Build.0 = Release|Any CPU
		{2FE6AFE1-CA36-4EDE-AEF3-2C5938E627A2}.Debug|x86.ActiveCfg = Debug|x86
		{2FE6AFE1-CA36-4EDE-AEF3-2C5938E627A2}.Debug|x86.Build.0 = Debug|x86
		{2FE6AFE1-CA36-4EDE-AEF3-2C5938E627A2}.Release|x86.ActiveCfg = Release|x86
		{2FE6AFE1-CA36-4EDE-AEF3-2C5938E627A2}.Release|x86.Build.0 = Release|x86
		{89969C87-0FB2-45E7-8B89-E76849528F00}.Debug|x86.ActiveCfg = Debug|Any CPU
		{89969C87-0FB2-45E7-8B89-E76849528F00}.Debug|x86.Build.0 = Debug|Any CPU
		{89969C87-0FB2-45E7-8B89-E76849528F00}.Release|x86.ActiveCfg = Release|Any CPU
		{89969C87-0FB2-45E7-8B89-E76849528F00}.Release|x86.Build.0 = Release|Any CPU
		{D1CD7960-7D50-4225-A32B-B8A8F95F1ABB}.Debug|x86.ActiveCfg = Debug|Any CPU
		{D1CD7960-7D50-4225-A32B-B8A8F95F1ABB}.Debug|x86.Build.0 = Debug|Any CPU
		{D1CD7960-7D50-4225-A32B-B8A8F95F1ABB}.Release|x86.ActiveCfg = Release|Any CPU
		{D1CD7960-7D50-4225-A32B-B8A8F95F1ABB}.Release|x86.Build.0 = Release|Any CPU
	EndGlobalSection
	GlobalSection(MonoDevelopProperties) = preSolution
		StartupItem = PAnalyzer.csproj
	EndGlobalSection
EndGlobal
